{
  "name": "state-charts",
  "version": "1.0.0",
  "lockfileVersion": 2,
  "requires": true,
  "packages": {
    "": {
      "version": "1.0.0",
      "license": "ISC",
      "dependencies": {
        "@xstate/inspect": "^0.4.1"
      }
    },
    "node_modules/@xstate/inspect": {
      "version": "0.4.1",
      "resolved": "https://registry.npmjs.org/@xstate/inspect/-/inspect-0.4.1.tgz",
      "integrity": "sha512-tcGBUCVymP8ij0K2fXZckrwrQkmNJL1DgQAM0eSILQKb8iBDN3GeqhYkNCS4HP29EzF2TZL0+k74FPWKaU9Fhw==",
      "dependencies": {
        "fast-safe-stringify": "^2.0.7"
      },
      "peerDependencies": {
        "ws": "^7.3.1"
      }
    },
    "node_modules/fast-safe-stringify": {
      "version": "2.0.7",
      "resolved": "https://registry.npmjs.org/fast-safe-stringify/-/fast-safe-stringify-2.0.7.tgz",
      "integrity": "sha512-Utm6CdzT+6xsDk2m8S6uL8VHxNwI6Jub+e9NYTcAms28T84pTa25GJQV9j0CY0N1rM8hK4x6grpF2BQf+2qwVA=="
    },
    "node_modules/ws": {
      "version": "7.4.4",
      "resolved": "https://registry.npmjs.org/ws/-/ws-7.4.4.tgz",
      "integrity": "sha512-Qm8k8ojNQIMx7S+Zp8u/uHOx7Qazv3Yv4q68MiWWWOJhiwG5W3x7iqmRtJo8xxrciZUY4vRxUTJCKuRnF28ZZw==",
      "peer": true,
      "engines": {
        "node": ">=8.3.0"
      },
      "peerDependencies": {
        "bufferutil": "^4.0.1",
        "utf-8-validate": "^5.0.2"
      },
      "peerDependenciesMeta": {
        "bufferutil": {
          "optional": true
        },
        "utf-8-validate": {
          "optional": true
        }
      }
    }
  },
  "dependencies": {
    "@xstate/inspect": {
      "version": "0.4.1",
      "resolved": "https://registry.npmjs.org/@xstate/inspect/-/inspect-0.4.1.tgz",
      "integrity": "sha512-tcGBUCVymP8ij0K2fXZckrwrQkmNJL1DgQAM0eSILQKb8iBDN3GeqhYkNCS4HP29EzF2TZL0+k74FPWKaU9Fhw==",
      "requires": {
        "fast-safe-stringify": "^2.0.7"
      }
    },
    "fast-safe-stringify": {
      "version": "2.0.7",
      "resolved": "https://registry.npmjs.org/fast-safe-stringify/-/fast-safe-stringify-2.0.7.tgz",
      "integrity": "sha512-Utm6CdzT+6xsDk2m8S6uL8VHxNwI6Jub+e9NYTcAms28T84pTa25GJQV9j0CY0N1rM8hK4x6grpF2BQf+2qwVA=="
    },
    "ws": {
      "version": "7.4.4",
      "resolved": "https://registry.npmjs.org/ws/-/ws-7.4.4.tgz",
      "integrity": "sha512-Qm8k8ojNQIMx7S+Zp8u/uHOx7Qazv3Yv4q68MiWWWOJhiwG5W3x7iqmRtJo8xxrciZUY4vRxUTJCKuRnF28ZZw==",
      "peer": true,
      "requires": {}
    }
  }
}
